
Microsoft Visual Studio Solution File, Format Version 12.00
# Visual Studio 15
VisualStudioVersion = 15.0.27130.2003
MinimumVisualStudioVersion = 10.0.40219.1
Project("{FAE04EC0-301F-11D3-BF4B-00C04F79EFBC}") = "ReviewsWebApp", "ReviewsWebApp\ReviewsWebApp.csproj", "{2897B70C-78CD-4229-BA09-067B439451C9}"
EndProject
Project("{FAE04EC0-301F-11D3-BF4B-00C04F79EFBC}") = "ReviewsWebApp.Tests", "ReviewsWebApp.Tests\ReviewsWebApp.Tests.csproj", "{82E62549-F69A-4E98-A3D7-560A58AC36B0}"
EndProject
Global
	GlobalSection(SolutionConfigurationPlatforms) = preSolution
		Debug|Any CPU = Debug|Any CPU
		Release|Any CPU = Release|Any CPU
	EndGlobalSection
	GlobalSection(ProjectConfigurationPlatforms) = postSolution
		{2897B70C-78CD-4229-BA09-067B439451C9}.Debug|Any CPU.ActiveCfg = Debug|Any CPU
		{2897B70C-78CD-4229-BA09-067B439451C9}.Debug|Any CPU.Build.0 = Debug|Any CPU
		{2897B70C-78CD-4229-BA09-067B439451C9}.Release|Any CPU.ActiveCfg = Release|Any CPU
		{2897B70C-78CD-4229-BA09-067B439451C9}.Release|Any CPU.Build.0 = Release|Any CPU
		{82E62549-F69A-4E98-A3D7-560A58AC36B0}.Debug|Any CPU.ActiveCfg = Debug|Any CPU
		{82E62549-F69A-4E98-A3D7-560A58AC36B0}.Debug|Any CPU.Build.0 = Debug|Any CPU
		{82E62549-F69A-4E98-A3D7-560A58AC36B0}.Release|Any CPU.ActiveCfg = Release|Any CPU
		{82E62549-F69A-4E98-A3D7-560A58AC36B0}.Release|Any CPU.Build.0 = Release|Any CPU
	EndGlobalSection
	GlobalSection(SolutionProperties) = preSolution
		HideSolutionNode = FALSE
	EndGlobalSection
	GlobalSection(ExtensibilityGlobals) = postSolution
		SolutionGuid = {F1FA458B-854B-4325-A3CE-96813B9DDEB4}
	EndGlobalSection
EndGlobal
